
Microsoft Visual Studio Solution File, Format Version 12.00
# Visual Studio Version 17
VisualStudioVersion = 17.5.2.0
MinimumVisualStudioVersion = 10.0.40219.1
Project("{FAE04EC0-301F-11D3-BF4B-00C04F79EFBC}") = "PKVault.Backend", "PKVault.Backend\PKVault.Backend.csproj", "{B5CEE1AB-68C5-FCEC-EA61-653FFB609ED2}"
EndProject
Project("{FAE04EC0-301F-11D3-BF4B-00C04F79EFBC}") = "PKVault.WinForm", "PKVault.WinForm\PKVault.WinForm.csproj", "{077DE631-2972-4BDF-A561-895CD6FBD118}"
EndProject
Project("{FAE04EC0-301F-11D3-BF4B-00C04F79EFBC}") = "PKVault.Backend.Tests", "PKVault.Backend.Tests\PKVault.Backend.Tests.csproj", "{819C8A77-20B0-44B1-B46F-358FA310EF9D}"
EndProject
Project("{FAE04EC0-301F-11D3-BF4B-00C04F79EFBC}") = "PKVault.Desktop", "PKVault.Desktop\PKVault.Desktop.csproj", "{E211B307-566C-41DF-99F9-6603E9134946}"
EndProject
Global
	GlobalSection(SolutionConfigurationPlatforms) = preSolution
		Debug|Any CPU = Debug|Any CPU
		Debug|x64 = Debug|x64
		Debug|x86 = Debug|x86
		Release|Any CPU = Release|Any CPU
		Release|x64 = Release|x64
		Release|x86 = Release|x86
	EndGlobalSection
	GlobalSection(ProjectConfigurationPlatforms) = postSolution
		{B5CEE1AB-68C5-FCEC-EA61-653FFB609ED2}.Debug|Any CPU.ActiveCfg = Debug|Any CPU
		{B5CEE1AB-68C5-FCEC-EA61-653FFB609ED2}.Debug|Any CPU.Build.0 = Debug|Any CPU
		{B5CEE1AB-68C5-FCEC-EA61-653FFB609ED2}.Debug|x64.ActiveCfg = Debug|Any CPU
		{B5CEE1AB-68C5-FCEC-EA61-653FFB609ED2}.Debug|x64.Build.0 = Debug|Any CPU
		{B5CEE1AB-68C5-FCEC-EA61-653FFB609ED2}.Debug|x86.ActiveCfg = Debug|Any CPU
		{B5CEE1AB-68C5-FCEC-EA61-653FFB609ED2}.Debug|x86.Build.0 = Debug|Any CPU
		{B5CEE1AB-68C5-FCEC-EA61-653FFB609ED2}.Release|Any CPU.ActiveCfg = Release|Any CPU
		{B5CEE1AB-68C5-FCEC-EA61-653FFB609ED2}.Release|Any CPU.Build.0 = Release|Any CPU
		{B5CEE1AB-68C5-FCEC-EA61-653FFB609ED2}.Release|x64.ActiveCfg = Release|Any CPU
		{B5CEE1AB-68C5-FCEC-EA61-653FFB609ED2}.Release|x64.Build.0 = Release|Any CPU
		{B5CEE1AB-68C5-FCEC-EA61-653FFB609ED2}.Release|x86.ActiveCfg = Release|Any CPU
		{B5CEE1AB-68C5-FCEC-EA61-653FFB609ED2}.Release|x86.Build.0 = Release|Any CPU
		{819C8A77-20B0-44B1-B46F-358FA310EF9D}.Debug|Any CPU.ActiveCfg = Debug|Any CPU
		{819C8A77-20B0-44B1-B46F-358FA310EF9D}.Debug|Any CPU.Build.0 = Debug|Any CPU
		{819C8A77-20B0-44B1-B46F-358FA310EF9D}.Debug|x64.ActiveCfg = Debug|Any CPU
		{819C8A77-20B0-44B1-B46F-358FA310EF9D}.Debug|x64.Build.0 = Debug|Any CPU
		{819C8A77-20B0-44B1-B46F-358FA310EF9D}.Debug|x86.ActiveCfg = Debug|Any CPU
		{819C8A77-20B0-44B1-B46F-358FA310EF9D}.Debug|x86.Build.0 = Debug|Any CPU
		{819C8A77-20B0-44B1-B46F-358FA310EF9D}.Release|Any CPU.ActiveCfg = Release|Any CPU
		{819C8A77-20B0-44B1-B46F-358FA310EF9D}.Release|Any CPU.Build.0 = Release|Any CPU
		{819C8A77-20B0-44B1-B46F-358FA310EF9D}.Release|x64.ActiveCfg = Release|Any CPU
		{819C8A77-20B0-44B1-B46F-358FA310EF9D}.Release|x64.Build.0 = Release|Any CPU
		{819C8A77-20B0-44B1-B46F-358FA310EF9D}.Release|x86.ActiveCfg = Release|Any CPU
		{819C8A77-20B0-44B1-B46F-358FA310EF9D}.Release|x86.Build.0 = Release|Any CPU
		{E211B307-566C-41DF-99F9-6603E9134946}.Debug|Any CPU.ActiveCfg = Debug|Any CPU
		{E211B307-566C-41DF-99F9-6603E9134946}.Debug|Any CPU.Build.0 = Debug|Any CPU
		{E211B307-566C-41DF-99F9-6603E9134946}.Debug|x64.ActiveCfg = Debug|Any CPU
		{E211B307-566C-41DF-99F9-6603E9134946}.Debug|x64.Build.0 = Debug|Any CPU
		{E211B307-566C-41DF-99F9-6603E9134946}.Debug|x86.ActiveCfg = Debug|Any CPU
		{E211B307-566C-41DF-99F9-6603E9134946}.Debug|x86.Build.0 = Debug|Any CPU
		{E211B307-566C-41DF-99F9-6603E9134946}.Release|Any CPU.ActiveCfg = Release|Any CPU
		{E211B307-566C-41DF-99F9-6603E9134946}.Release|Any CPU.Build.0 = Release|Any CPU
		{E211B307-566C-41DF-99F9-6603E9134946}.Release|x64.ActiveCfg = Release|Any CPU
		{E211B307-566C-41DF-99F9-6603E9134946}.Release|x64.Build.0 = Release|Any CPU
		{E211B307-566C-41DF-99F9-6603E9134946}.Release|x86.ActiveCfg = Release|Any CPU
		{E211B307-566C-41DF-99F9-6603E9134946}.Release|x86.Build.0 = Release|Any CPU
	EndGlobalSection
	GlobalSection(SolutionProperties) = preSolution
		HideSolutionNode = FALSE
	EndGlobalSection
	GlobalSection(ExtensibilityGlobals) = postSolution
		SolutionGuid = {6231C55B-97C6-4F3F-994C-EE18F4C212DF}
	EndGlobalSection
EndGlobal
